
Microsoft Visual Studio Solution File, Format Version 12.00
# Visual Studio Version 17
VisualStudioVersion = 17.8.34330.188
MinimumVisualStudioVersion = 10.0.40219.1
Project("{FAE04EC0-301F-11D3-BF4B-00C04F79EFBC}") = "backendvale", "backendvale\backendvale.csproj", "{5E0B8DA0-307A-4B67-964C-25B458C7966B}"
EndProject
Global
	GlobalSection(SolutionConfigurationPlatforms) = preSolution
		Debug|Any CPU = Debug|Any CPU
		Release|Any CPU = Release|Any CPU
	EndGlobalSection
	GlobalSection(ProjectConfigurationPlatforms) = postSolution
		{5E0B8DA0-307A-4B67-964C-25B458C7966B}.Debug|Any CPU.ActiveCfg = Debug|Any CPU
		{5E0B8DA0-307A-4B67-964C-25B458C7966B}.Debug|Any CPU.Build.0 = Debug|Any CPU
		{5E0B8DA0-307A-4B67-964C-25B458C7966B}.Release|Any CPU.ActiveCfg = Release|Any CPU
		{5E0B8DA0-307A-4B67-964C-25B458C7966B}.Release|Any CPU.Build.0 = Release|Any CPU
	EndGlobalSection
	GlobalSection(SolutionProperties) = preSolution
		HideSolutionNode = FALSE
	EndGlobalSection
	GlobalSection(ExtensibilityGlobals) = postSolution
		SolutionGuid = {277860A2-7817-40C8-BA0A-55BDD26C3EC0}
	EndGlobalSection
EndGlobal
